<?xml version="1.0" encoding="utf-8"?>
<Project ToolsVersion="4.0" xmlns="http://schemas.microsoft.com/developer/msbuild/2003">
  <ItemGroup>
    <Filter Include="Resource Files">
      <UniqueIdentifier>{67DA6AB6-F800-4c08-8B7A-83BB121AAD01}</UniqueIdentifier>
      <Extensions>rc;ico;cur;bmp;dlg;rc2;rct;bin;rgs;gif;jpg;jpeg;jpe;resx;tiff;tif;png;wav;mfcribbon-ms</Extensions>
    </Filter>
  </ItemGroup>
  <ItemGroup>
    <ClCompile Include="src\Application.cpp" />
    <ClCompile Include="src\Model\CPP\Edge.cpp" />
    <ClCompile Include="src\Model\CPP\Graph.cpp" />
    <ClCompile Include="src\Model\CPP\Manager.cpp" />
    <ClCompile Include="src\Model\CPP\Node.cpp" />
    <ClCompile Include="src\Model\CPP\Path.cpp" />
  </ItemGroup>
  <ItemGroup>
    <Text Include="Files\Test.txt" />
    <Text Include="res\Test.txt" />
    <Text Include="src\Controller\Test.txt" />
    <Text Include="src\View\Test.txt" />
    <Text Include="src\TaskDriver\Test.txt" />
    <Text Include="x64\Debug\Mini-Waslni.log" />
    <Text Include="x64\Debug\Mini-Waslni.vcxproj.FileListAbsolute.txt" />
  </ItemGroup>
  <ItemGroup>
    <ClInclude Include="src\Controller\GraphManagerController.h" />
    <ClInclude Include="src\Model\Headers\Edge.h" />
    <ClInclude Include="src\Model\Headers\Graph.h" />
    <ClInclude Include="src\Model\Headers\GraphManager.h" />
    <ClInclude Include="src\Model\Headers\Manager.h" />
    <ClInclude Include="src\Model\Headers\Node.h" />
    <ClInclude Include="src\Model\Headers\Path.h" />
    <ClInclude Include="src\View\GraphManagerView.h" />
  </ItemGroup>
  <ItemGroup>
    <None Include=".gitignore" />
    <None Include="x64\Debug\Mini-Waslni.tlog\CL.command.1.tlog" />
    <None Include="x64\Debug\Mini-Waslni.tlog\link.command.1.tlog" />
    <None Include="x64\Debug\Mini-Waslni.tlog\Mini-Waslni.lastbuildstate" />
    <None Include="x64\Debug\Mini-Waslni.tlog\unsuccessfulbuild" />
    <None Include="x64\Debug\CL.command.1.tlog" />
    <None Include="x64\Debug\link.command.1.tlog" />
    <None Include="x64\Debug\Mini-Waslni.exe" />
    <None Include="x64\Debug\Mini-Waslni.exe.recipe" />
    <None Include="x64\Debug\Mini-Waslni.ilk" />
    <None Include="x64\Debug\Mini-Waslni.lastbuildstate" />
    <None Include="x64\Debug\Mini-Waslni.pdb" />
    <None Include="x64\Debug\unsuccessfulbuild" />
    <None Include="x64\Debug\vc143.idb" />
    <None Include="x64\Debug\vc143.pdb" />
  </ItemGroup>
  <ItemGroup>
    <Object Include="x64\Debug\Application.obj" />
    <Object Include="x64\Debug\Edge.obj" />
    <Object Include="x64\Debug\Graph.obj" />
    <Object Include="x64\Debug\Manager.obj" />
    <Object Include="x64\Debug\Node.obj" />
    <Object Include="x64\Debug\Path.obj" />
  </ItemGroup>
</Project>